Microsoft Visual Studio Solution File, Format Version 11.00
# Visual Studio 2008

Project("{AF2A045A-9E69-94B8-19AF-E0BEA06A17B9}") = "DamnTraffic", "Assembly-CSharp.csproj", "{7049E4AF-B4FB-0471-B730-90D4F6DB249E}"
EndProject
Global
	GlobalSection(SolutionConfigurationPlatforms) = preSolution
		Debug|Any CPU = Debug|Any CPU
		Release|Any CPU = Release|Any CPU
	EndGlobalSection
	GlobalSection(ProjectConfigurationPlatforms) = postSolution
		{7049E4AF-B4FB-0471-B730-90D4F6DB249E}.Debug|Any CPU.ActiveCfg = Debug|Any CPU
		{7049E4AF-B4FB-0471-B730-90D4F6DB249E}.Debug|Any CPU.Build.0 = Debug|Any CPU
		{7049E4AF-B4FB-0471-B730-90D4F6DB249E}.Release|Any CPU.ActiveCfg = Release|Any CPU
		{7049E4AF-B4FB-0471-B730-90D4F6DB249E}.Release|Any CPU.Build.0 = Release|Any CPU
	EndGlobalSection
	GlobalSection(SolutionProperties) = preSolution
		HideSolutionNode = FALSE
	EndGlobalSection
	GlobalSection(MonoDevelopProperties) = preSolution
		StartupItem = Assembly-CSharp.csproj
	EndGlobalSection
EndGlobal
